// !$*UTF8*$!
{
	archiveVersion = 1;
	classes = {
	};
	objectVersion = 46;
	objects = {

/* Begin PBXBuildFile section */
		92203202193F0BF000AC6E61 /* Document.swift in Sources */ = {isa = PBXBuildFile; fileRef = 92203201193F0BF000AC6E61 /* Document.swift */; };
		92203207193F0BF000AC6E61 /* Images.xcassets in Resources */ = {isa = PBXBuildFile; fileRef = 92203206193F0BF000AC6E61 /* Images.xcassets */; };
		9220334A193F0D2400AC6E61 /* MMTabBarView.framework in Frameworks */ = {isa = PBXBuildFile; fileRef = 92203349193F0CDB00AC6E61 /* MMTabBarView.framework */; };
		9220334E193F0D5E00AC6E61 /* MainMenu.xib in Resources */ = {isa = PBXBuildFile; fileRef = 9220334B193F0D5E00AC6E61 /* MainMenu.xib */; };
		9220334F193F0D5E00AC6E61 /* Window.xib in Resources */ = {isa = PBXBuildFile; fileRef = 9220334C193F0D5E00AC6E61 /* Window.xib */; };
		92203350193F0D5E00AC6E61 /* View.xib in Resources */ = {isa = PBXBuildFile; fileRef = 9220334D193F0D5E00AC6E61 /* View.xib */; };
		92203352193F0D9D00AC6E61 /* DocumentController.swift in Sources */ = {isa = PBXBuildFile; fileRef = 92203351193F0D9D00AC6E61 /* DocumentController.swift */; };
		92203354193F28F200AC6E61 /* WindowController.swift in Sources */ = {isa = PBXBuildFile; fileRef = 92203353193F28F200AC6E61 /* WindowController.swift */; };
		92203362194471CE00AC6E61 /* ViewController.swift in Sources */ = {isa = PBXBuildFile; fileRef = 92203361194471CE00AC6E61 /* ViewController.swift */; };
		922033651945250200AC6E61 /* HMUtils.m in Sources */ = {isa = PBXBuildFile; fileRef = 922033641945250200AC6E61 /* HMUtils.m */; };
		9220336919470B4A00AC6E61 /* MMTabBarView.framework in CopyFiles */ = {isa = PBXBuildFile; fileRef = 92203349193F0CDB00AC6E61 /* MMTabBarView.framework */; };
		D4FFE2C71BEDA602003C2ABE /* AppDelegate.swift in Sources */ = {isa = PBXBuildFile; fileRef = D4FFE2C61BEDA602003C2ABE /* AppDelegate.swift */; };
/* End PBXBuildFile section */

/* Begin PBXContainerItemProxy section */
		92203348193F0CDB00AC6E61 /* PBXContainerItemProxy */ = {
			isa = PBXContainerItemProxy;
			containerPortal = 922032C9193F0CDB00AC6E61 /* MMTabBarView.xcodeproj */;
			proxyType = 2;
			remoteGlobalIDString = 06DB23A61609F5830071BDA0;
			remoteInfo = MMTabBarView;
		};
/* End PBXContainerItemProxy section */

/* Begin PBXCopyFilesBuildPhase section */
		9220336819470B3900AC6E61 /* CopyFiles */ = {
			isa = PBXCopyFilesBuildPhase;
			buildActionMask = 2147483647;
			dstPath = "";
			dstSubfolderSpec = 10;
			files = (
				9220336919470B4A00AC6E61 /* MMTabBarView.framework in CopyFiles */,
			);
			runOnlyForDeploymentPostprocessing = 0;
		};
/* End PBXCopyFilesBuildPhase section */

/* Begin PBXFileReference section */
		922031FA193F0BF000AC6E61 /* SwiftTabDocument.app */ = {isa = PBXFileReference; explicitFileType = wrapper.application; includeInIndex = 0; path = SwiftTabDocument.app; sourceTree = BUILT_PRODUCTS_DIR; };
		922031FE193F0BF000AC6E61 /* Info.plist */ = {isa = PBXFileReference; lastKnownFileType = text.plist.xml; path = Info.plist; sourceTree = "<group>"; };
		92203201193F0BF000AC6E61 /* Document.swift */ = {isa = PBXFileReference; lastKnownFileType = sourcecode.swift; path = Document.swift; sourceTree = "<group>"; };
		92203206193F0BF000AC6E61 /* Images.xcassets */ = {isa = PBXFileReference; lastKnownFileType = folder.assetcatalog; path = Images.xcassets; sourceTree = "<group>"; };
		922032C9193F0CDB00AC6E61 /* MMTabBarView.xcodeproj */ = {isa = PBXFileReference; lastKnownFileType = "wrapper.pb-project"; path = MMTabBarView.xcodeproj; sourceTree = "<group>"; };
		9220334B193F0D5E00AC6E61 /* MainMenu.xib */ = {isa = PBXFileReference; fileEncoding = 4; lastKnownFileType = file.xib; path = MainMenu.xib; sourceTree = "<group>"; };
		9220334C193F0D5E00AC6E61 /* Window.xib */ = {isa = PBXFileReference; fileEncoding = 4; lastKnownFileType = file.xib; path = Window.xib; sourceTree = "<group>"; };
		9220334D193F0D5E00AC6E61 /* View.xib */ = {isa = PBXFileReference; fileEncoding = 4; lastKnownFileType = file.xib; path = View.xib; sourceTree = "<group>"; };
		92203351193F0D9D00AC6E61 /* DocumentController.swift */ = {isa = PBXFileReference; fileEncoding = 4; lastKnownFileType = sourcecode.swift; path = DocumentController.swift; sourceTree = "<group>"; };
		92203353193F28F200AC6E61 /* WindowController.swift */ = {isa = PBXFileReference; fileEncoding = 4; lastKnownFileType = sourcecode.swift; path = WindowController.swift; sourceTree = "<group>"; };
		9220335D194470E400AC6E61 /* SwiftTabDocument-Bridging-Header.h */ = {isa = PBXFileReference; lastKnownFileType = sourcecode.c.h; path = "SwiftTabDocument-Bridging-Header.h"; sourceTree = "<group>"; };
		92203361194471CE00AC6E61 /* ViewController.swift */ = {isa = PBXFileReference; fileEncoding = 4; lastKnownFileType = sourcecode.swift; path = ViewController.swift; sourceTree = "<group>"; };
		922033631945250200AC6E61 /* HMUtils.h */ = {isa = PBXFileReference; fileEncoding = 4; lastKnownFileType = sourcecode.c.h; path = HMUtils.h; sourceTree = "<group>"; };
		922033641945250200AC6E61 /* HMUtils.m */ = {isa = PBXFileReference; fileEncoding = 4; lastKnownFileType = sourcecode.c.objc; path = HMUtils.m; sourceTree = "<group>"; };
		D4FFE2C61BEDA602003C2ABE /* AppDelegate.swift */ = {isa = PBXFileReference; fileEncoding = 4; lastKnownFileType = sourcecode.swift; path = AppDelegate.swift; sourceTree = "<group>"; };
/* End PBXFileReference section */

/* Begin PBXFrameworksBuildPhase section */
		922031F7193F0BF000AC6E61 /* Frameworks */ = {
			isa = PBXFrameworksBuildPhase;
			buildActionMask = 2147483647;
			files = (
				9220334A193F0D2400AC6E61 /* MMTabBarView.framework in Frameworks */,
			);
			runOnlyForDeploymentPostprocessing = 0;
		};
/* End PBXFrameworksBuildPhase section */

/* Begin PBXGroup section */
		922031F1193F0BF000AC6E61 = {
			isa = PBXGroup;
			children = (
				922031FC193F0BF000AC6E61 /* SwiftTabDocument */,
				922031FB193F0BF000AC6E61 /* Products */,
				922032C9193F0CDB00AC6E61 /* MMTabBarView.xcodeproj */,
			);
			sourceTree = "<group>";
		};
		922031FB193F0BF000AC6E61 /* Products */ = {
			isa = PBXGroup;
			children = (
				922031FA193F0BF000AC6E61 /* SwiftTabDocument.app */,
			);
			name = Products;
			sourceTree = "<group>";
		};
		922031FC193F0BF000AC6E61 /* SwiftTabDocument */ = {
			isa = PBXGroup;
			children = (
				92203351193F0D9D00AC6E61 /* DocumentController.swift */,
				92203201193F0BF000AC6E61 /* Document.swift */,
				92203353193F28F200AC6E61 /* WindowController.swift */,
				92203361194471CE00AC6E61 /* ViewController.swift */,
				92203206193F0BF000AC6E61 /* Images.xcassets */,
				9220334B193F0D5E00AC6E61 /* MainMenu.xib */,
				9220334C193F0D5E00AC6E61 /* Window.xib */,
				9220334D193F0D5E00AC6E61 /* View.xib */,
				922031FD193F0BF000AC6E61 /* Supporting Files */,
				92203366194526E500AC6E61 /* Bridge */,
				D4FFE2C61BEDA602003C2ABE /* AppDelegate.swift */,
			);
			path = SwiftTabDocument;
			sourceTree = "<group>";
		};
		922031FD193F0BF000AC6E61 /* Supporting Files */ = {
			isa = PBXGroup;
			children = (
				922031FE193F0BF000AC6E61 /* Info.plist */,
			);
			name = "Supporting Files";
			sourceTree = "<group>";
		};
		922032CA193F0CDB00AC6E61 /* Products */ = {
			isa = PBXGroup;
			children = (
				92203349193F0CDB00AC6E61 /* MMTabBarView.framework */,
			);
			name = Products;
			sourceTree = "<group>";
		};
		92203366194526E500AC6E61 /* Bridge */ = {
			isa = PBXGroup;
			children = (
				9220335D194470E400AC6E61 /* SwiftTabDocument-Bridging-Header.h */,
				922033631945250200AC6E61 /* HMUtils.h */,
				922033641945250200AC6E61 /* HMUtils.m */,
			);
			name = Bridge;
			sourceTree = "<group>";
		};
/* End PBXGroup section */

/* Begin PBXNativeTarget section */
		922031F9193F0BF000AC6E61 /* SwiftTabDocument */ = {
			isa = PBXNativeTarget;
			buildConfigurationList = 92203219193F0BF100AC6E61 /* Build configuration list for PBXNativeTarget "SwiftTabDocument" */;
			buildPhases = (
				922031F6193F0BF000AC6E61 /* Sources */,
				922031F7193F0BF000AC6E61 /* Frameworks */,
				922031F8193F0BF000AC6E61 /* Resources */,
				9220336819470B3900AC6E61 /* CopyFiles */,
			);
			buildRules = (
			);
			dependencies = (
			);
			name = SwiftTabDocument;
			productName = SwiftTabDocument;
			productReference = 922031FA193F0BF000AC6E61 /* SwiftTabDocument.app */;
			productType = "com.apple.product-type.application";
		};
/* End PBXNativeTarget section */

/* Begin PBXProject section */
		922031F2193F0BF000AC6E61 /* Project object */ = {
			isa = PBXProject;
			attributes = {
				LastSwiftMigration = 0710;
				LastSwiftUpdateCheck = 0710;
				LastUpgradeCheck = 0600;
				ORGANIZATIONNAME = "Scott Horn";
				TargetAttributes = {
					922031F9193F0BF000AC6E61 = {
						CreatedOnToolsVersion = 6.0;
						DevelopmentTeam = 3PK8C7M4LP;
					};
				};
			};
			buildConfigurationList = 922031F5193F0BF000AC6E61 /* Build configuration list for PBXProject "SwiftTabDocument" */;
			compatibilityVersion = "Xcode 3.2";
			developmentRegion = English;
			hasScannedForEncodings = 0;
			knownRegions = (
				en,
				Base,
			);
			mainGroup = 922031F1193F0BF000AC6E61;
			productRefGroup = 922031FB193F0BF000AC6E61 /* Products */;
			projectDirPath = "";
			projectReferences = (
				{
					ProductGroup = 922032CA193F0CDB00AC6E61 /* Products */;
					ProjectRef = 922032C9193F0CDB00AC6E61 /* MMTabBarView.xcodeproj */;
				},
			);
			projectRoot = "";
			targets = (
				922031F9193F0BF000AC6E61 /* SwiftTabDocument */,
			);
		};
/* End PBXProject section */

/* Begin PBXReferenceProxy section */
		92203349193F0CDB00AC6E61 /* MMTabBarView.framework */ = {
			isa = PBXReferenceProxy;
			fileType = wrapper.framework;
			path = MMTabBarView.framework;
			remoteRef = 92203348193F0CDB00AC6E61 /* PBXContainerItemProxy */;
			sourceTree = BUILT_PRODUCTS_DIR;
		};
/* End PBXReferenceProxy section */

/* Begin PBXResourcesBuildPhase section */
		922031F8193F0BF000AC6E61 /* Resources */ = {
			isa = PBXResourcesBuildPhase;
			buildActionMask = 2147483647;
			files = (
				9220334E193F0D5E00AC6E61 /* MainMenu.xib in Resources */,
				92203207193F0BF000AC6E61 /* Images.xcassets in Resources */,
				9220334F193F0D5E00AC6E61 /* Window.xib in Resources */,
				92203350193F0D5E00AC6E61 /* View.xib in Resources */,
			);
			runOnlyForDeploymentPostprocessing = 0;
		};
/* End PBXResourcesBuildPhase section */

/* Begin PBXSourcesBuildPhase section */
		922031F6193F0BF000AC6E61 /* Sources */ = {
			isa = PBXSourcesBuildPhase;
			buildActionMask = 2147483647;
			files = (
				D4FFE2C71BEDA602003C2ABE /* AppDelegate.swift in Sources */,
				922033651945250200AC6E61 /* HMUtils.m in Sources */,
				92203362194471CE00AC6E61 /* ViewController.swift in Sources */,
				92203202193F0BF000AC6E61 /* Document.swift in Sources */,
				92203354193F28F200AC6E61 /* WindowController.swift in Sources */,
				92203352193F0D9D00AC6E61 /* DocumentController.swift in Sources */,
			);
			runOnlyForDeploymentPostprocessing = 0;
		};
/* End PBXSourcesBuildPhase section */

/* Begin XCBuildConfiguration section */
		92203217193F0BF100AC6E61 /* Debug */ = {
			isa = XCBuildConfiguration;
			buildSettings = {
				ALWAYS_SEARCH_USER_PATHS = NO;
				CLANG_CXX_LANGUAGE_STANDARD = "gnu++0x";
				CLANG_CXX_LIBRARY = "libc++";
				CLANG_ENABLE_MODULES = YES;
				CLANG_ENABLE_OBJC_ARC = YES;
				CLANG_WARN_BOOL_CONVERSION = YES;
				CLANG_WARN_CONSTANT_CONVERSION = YES;
				CLANG_WARN_DIRECT_OBJC_ISA_USAGE = YES_ERROR;
				CLANG_WARN_EMPTY_BODY = YES;
				CLANG_WARN_ENUM_CONVERSION = YES;
				CLANG_WARN_INT_CONVERSION = YES;
				CLANG_WARN_OBJC_ROOT_CLASS = YES_ERROR;
				CLANG_WARN_UNREACHABLE_CODE = YES;
				CLANG_WARN__DUPLICATE_METHOD_MATCH = YES;
				CODE_SIGN_IDENTITY = "-";
				COPY_PHASE_STRIP = NO;
				ENABLE_STRICT_OBJC_MSGSEND = YES;
				GCC_C_LANGUAGE_STANDARD = gnu99;
				GCC_DYNAMIC_NO_PIC = NO;
				GCC_OPTIMIZATION_LEVEL = 0;
				GCC_PREPROCESSOR_DEFINITIONS = (
					"DEBUG=1",
					"$(inherited)",
				);
				GCC_SYMBOLS_PRIVATE_EXTERN = NO;
				GCC_WARN_64_TO_32_BIT_CONVERSION = YES;
				GCC_WARN_ABOUT_RETURN_TYPE = YES_ERROR;
				GCC_WARN_UNDECLARED_SELECTOR = YES;
				GCC_WARN_UNINITIALIZED_AUTOS = YES_AGGRESSIVE;
				GCC_WARN_UNUSED_FUNCTION = YES;
				GCC_WARN_UNUSED_VARIABLE = YES;
				MACOSX_DEPLOYMENT_TARGET = 10.9;
				METAL_ENABLE_DEBUG_INFO = YES;
				ONLY_ACTIVE_ARCH = YES;
				SDKROOT = macosx;
				SWIFT_OPTIMIZATION_LEVEL = "-Onone";
			};
			name = Debug;
		};
		92203218193F0BF100AC6E61 /* Release */ = {
			isa = XCBuildConfiguration;
			buildSettings = {
				ALWAYS_SEARCH_USER_PATHS = NO;
				CLANG_CXX_LANGUAGE_STANDARD = "gnu++0x";
				CLANG_CXX_LIBRARY = "libc++";
				CLANG_ENABLE_MODULES = YES;
				CLANG_ENABLE_OBJC_ARC = YES;
				CLANG_WARN_BOOL_CONVERSION = YES;
				CLANG_WARN_CONSTANT_CONVERSION = YES;
				CLANG_WARN_DIRECT_OBJC_ISA_USAGE = YES_ERROR;
				CLANG_WARN_EMPTY_BODY = YES;
				CLANG_WARN_ENUM_CONVERSION = YES;
				CLANG_WARN_INT_CONVERSION = YES;
				CLANG_WARN_OBJC_ROOT_CLASS = YES_ERROR;
				CLANG_WARN_UNREACHABLE_CODE = YES;
				CLANG_WARN__DUPLICATE_METHOD_MATCH = YES;
				CODE_SIGN_IDENTITY = "-";
				COPY_PHASE_STRIP = YES;
				DEBUG_INFORMATION_FORMAT = "dwarf-with-dsym";
				ENABLE_NS_ASSERTIONS = NO;
				ENABLE_STRICT_OBJC_MSGSEND = YES;
				GCC_C_LANGUAGE_STANDARD = gnu99;
				GCC_WARN_64_TO_32_BIT_CONVERSION = YES;
				GCC_WARN_ABOUT_RETURN_TYPE = YES_ERROR;
				GCC_WARN_UNDECLARED_SELECTOR = YES;
				GCC_WARN_UNINITIALIZED_AUTOS = YES_AGGRESSIVE;
				GCC_WARN_UNUSED_FUNCTION = YES;
				GCC_WARN_UNUSED_VARIABLE = YES;
				MACOSX_DEPLOYMENT_TARGET = 10.9;
				METAL_ENABLE_DEBUG_INFO = NO;
				ONLY_ACTIVE_ARCH = YES;
				SDKROOT = macosx;
			};
			name = Release;
		};
		9220321A193F0BF100AC6E61 /* Debug */ = {
			isa = XCBuildConfiguration;
			buildSettings = {
				ASSETCATALOG_COMPILER_APPICON_NAME = AppIcon;
				CLANG_ENABLE_MODULES = YES;
				CODE_SIGN_IDENTITY = "Mac Developer";
				"CODE_SIGN_IDENTITY[sdk=macosx*]" = "Mac Developer";
				COMBINE_HIDPI_IMAGES = YES;
				INFOPLIST_FILE = SwiftTabDocument/Info.plist;
				LD_RUNPATH_SEARCH_PATHS = "$(inherited) @executable_path/../Frameworks";
				PRODUCT_NAME = "$(TARGET_NAME)";
				PROVISIONING_PROFILE = "";
				SWIFT_OBJC_BRIDGING_HEADER = "SwiftTabDocument/SwiftTabDocument-Bridging-Header.h";
				SWIFT_OPTIMIZATION_LEVEL = "-Onone";
			};
			name = Debug;
		};
		9220321B193F0BF100AC6E61 /* Release */ = {
			isa = XCBuildConfiguration;
			buildSettings = {
				ASSETCATALOG_COMPILER_APPICON_NAME = AppIcon;
				CLANG_ENABLE_MODULES = YES;
				CODE_SIGN_IDENTITY = "Mac Developer";
				"CODE_SIGN_IDENTITY[sdk=macosx*]" = "Mac Developer";
				COMBINE_HIDPI_IMAGES = YES;
				INFOPLIST_FILE = SwiftTabDocument/Info.plist;
				LD_RUNPATH_SEARCH_PATHS = "$(inherited) @executable_path/../Frameworks";
				PRODUCT_NAME = "$(TARGET_NAME)";
				PROVISIONING_PROFILE = "";
				SWIFT_OBJC_BRIDGING_HEADER = "SwiftTabDocument/SwiftTabDocument-Bridging-Header.h";
			};
			name = Release;
		};
/* End XCBuildConfiguration section */

/* Begin XCConfigurationList section */
		922031F5193F0BF000AC6E61 /* Build configuration list for PBXProject "SwiftTabDocument" */ = {
			isa = XCConfigurationList;
			buildConfigurations = (
				92203217193F0BF100AC6E61 /* Debug */,
				92203218193F0BF100AC6E61 /* Release */,
			);
			defaultConfigurationIsVisible = 0;
			defaultConfigurationName = Release;
		};
		92203219193F0BF100AC6E61 /* Build configuration list for PBXNativeTarget "SwiftTabDocument" */ = {
			isa = XCConfigurationList;
			buildConfigurations = (
				9220321A193F0BF100AC6E61 /* Debug */,
				9220321B193F0BF100AC6E61 /* Release */,
			);
			defaultConfigurationIsVisible = 0;
			defaultConfigurationName = Release;
		};
/* End XCConfigurationList section */
	};
	rootObject = 922031F2193F0BF000AC6E61 /* Project object */;
}
